
Microsoft Visual Studio Solution File, Format Version 12.00
# Visual Studio Version 17
VisualStudioVersion = 17.11.35312.102
MinimumVisualStudioVersion = 10.0.40219.1
Project("{9A19103F-16F7-4668-BE54-9A1E7A4F7556}") = "Atividade3", "aulas10_10\Atividade3.csproj", "{AA6679CA-F7C8-4BD0-B5FE-474819EA8355}"
EndProject
Global
	GlobalSection(SolutionConfigurationPlatforms) = preSolution
		Debug|Any CPU = Debug|Any CPU
		Release|Any CPU = Release|Any CPU
	EndGlobalSection
	GlobalSection(ProjectConfigurationPlatforms) = postSolution
		{AA6679CA-F7C8-4BD0-B5FE-474819EA8355}.Debug|Any CPU.ActiveCfg = Debug|Any CPU
		{AA6679CA-F7C8-4BD0-B5FE-474819EA8355}.Debug|Any CPU.Build.0 = Debug|Any CPU
		{AA6679CA-F7C8-4BD0-B5FE-474819EA8355}.Release|Any CPU.ActiveCfg = Release|Any CPU
		{AA6679CA-F7C8-4BD0-B5FE-474819EA8355}.Release|Any CPU.Build.0 = Release|Any CPU
	EndGlobalSection
	GlobalSection(SolutionProperties) = preSolution
		HideSolutionNode = FALSE
	EndGlobalSection
	GlobalSection(ExtensibilityGlobals) = postSolution
		SolutionGuid = {26A3E262-FA30-45B3-B906-28CCB435E665}
	EndGlobalSection
EndGlobal
